// !$*UTF8*$!
{
	archiveVersion = 1;
	classes = {
	};
	objectVersion = 77;
	objects = {

/* Begin PBXBuildFile section */
		8C636FE22F912D6C0055100A /* Secrets.xcconfig in Resources */ = {isa = PBXBuildFile; fileRef = 8C636FE12F912D6C0055100A /* Secrets.xcconfig */; };
		8C636FEB2F9133540055100A /* Auth in Frameworks */ = {isa = PBXBuildFile; productRef = 8C636FEA2F9133540055100A /* Auth */; };
		8C636FED2F9133540055100A /* Functions in Frameworks */ = {isa = PBXBuildFile; productRef = 8C636FEC2F9133540055100A /* Functions */; };
		8C636FEF2F9133540055100A /* PostgREST in Frameworks */ = {isa = PBXBuildFile; productRef = 8C636FEE2F9133540055100A /* PostgREST */; };
		8C636FF12F9133540055100A /* Realtime in Frameworks */ = {isa = PBXBuildFile; productRef = 8C636FF02F9133540055100A /* Realtime */; };
		8C636FF32F9133540055100A /* Storage in Frameworks */ = {isa = PBXBuildFile; productRef = 8C636FF22F9133540055100A /* Storage */; };
		8C9209A42F9142E500CB4BE3 /* README_BACKEND_SETUP.md in Resources */ = {isa = PBXBuildFile; fileRef = 8C9209A32F9142E500CB4BE3 /* README_BACKEND_SETUP.md */; };
/* End PBXBuildFile section */

/* Begin PBXContainerItemProxy section */
		8CAEB6002F9035ED000277C5 /* PBXContainerItemProxy */ = {
			isa = PBXContainerItemProxy;
			containerPortal = 8CAEB5EA2F9035EA000277C5 /* Project object */;
			proxyType = 1;
			remoteGlobalIDString = 8CAEB5F12F9035EA000277C5;
			remoteInfo = CineRate;
		};
		8CAEB60A2F9035ED000277C5 /* PBXContainerItemProxy */ = {
			isa = PBXContainerItemProxy;
			containerPortal = 8CAEB5EA2F9035EA000277C5 /* Project object */;
			proxyType = 1;
			remoteGlobalIDString = 8CAEB5F12F9035EA000277C5;
			remoteInfo = CineRate;
		};
/* End PBXContainerItemProxy section */

/* Begin PBXFileReference section */
		8C636FE12F912D6C0055100A /* Secrets.xcconfig */ = {isa = PBXFileReference; lastKnownFileType = text.xcconfig; path = Secrets.xcconfig; sourceTree = "<group>"; };
		8C9209A32F9142E500CB4BE3 /* README_BACKEND_SETUP.md */ = {isa = PBXFileReference; lastKnownFileType = net.daringfireball.markdown; path = README_BACKEND_SETUP.md; sourceTree = "<group>"; };
		8CAEB5F22F9035EA000277C5 /* CineRate.app */ = {isa = PBXFileReference; explicitFileType = wrapper.application; includeInIndex = 0; path = CineRate.app; sourceTree = BUILT_PRODUCTS_DIR; };
		8CAEB5FF2F9035ED000277C5 /* CineRateTests.xctest */ = {isa = PBXFileReference; explicitFileType = wrapper.cfbundle; includeInIndex = 0; path = CineRateTests.xctest; sourceTree = BUILT_PRODUCTS_DIR; };
		8CAEB6092F9035ED000277C5 /* CineRateUITests.xctest */ = {isa = PBXFileReference; explicitFileType = wrapper.cfbundle; includeInIndex = 0; path = CineRateUITests.xctest; sourceTree = BUILT_PRODUCTS_DIR; };
/* End PBXFileReference section */

/* Begin PBXFileSystemSynchronizedBuildFileExceptionSet section */
		8CAEB61D2F903636000277C5 /* Exceptions for "CineRate" folder in "CineRate" target */ = {
			isa = PBXFileSystemSynchronizedBuildFileExceptionSet;
			membershipExceptions = (
				Info.plist,
			);
			target = 8CAEB5F12F9035EA000277C5 /* CineRate */;
		};
/* End PBXFileSystemSynchronizedBuildFileExceptionSet section */

/* Begin PBXFileSystemSynchronizedRootGroup section */
		8CAEB5F42F9035EA000277C5 /* CineRate */ = {
			isa = PBXFileSystemSynchronizedRootGroup;
			exceptions = (
				8CAEB61D2F903636000277C5 /* Exceptions for "CineRate" folder in "CineRate" target */,
			);
			path = CineRate;
			sourceTree = "<group>";
		};
		8CAEB6022F9035ED000277C5 /* CineRateTests */ = {
			isa = PBXFileSystemSynchronizedRootGroup;
			path = CineRateTests;
			sourceTree = "<group>";
		};
		8CAEB60C2F9035ED000277C5 /* CineRateUITests */ = {
			isa = PBXFileSystemSynchronizedRootGroup;
			path = CineRateUITests;
			sourceTree = "<group>";
		};
/* End PBXFileSystemSynchronizedRootGroup section */

/* Begin PBXFrameworksBuildPhase section */
		8CAEB5EF2F9035EA000277C5 /* Frameworks */ = {
			isa = PBXFrameworksBuildPhase;
			buildActionMask = 2147483647;
			files = (
				8C636FEF2F9133540055100A /* PostgREST in Frameworks */,
				8C636FED2F9133540055100A /* Functions in Frameworks */,
				8C636FEB2F9133540055100A /* Auth in Frameworks */,
				8C636FF32F9133540055100A /* Storage in Frameworks */,
				8C636FF12F9133540055100A /* Realtime in Frameworks */,
			);
			runOnlyForDeploymentPostprocessing = 0;
		};
		8CAEB5FC2F9035ED000277C5 /* Frameworks */ = {
			isa = PBXFrameworksBuildPhase;
			buildActionMask = 2147483647;
			files = (
			);
			runOnlyForDeploymentPostprocessing = 0;
		};
		8CAEB6062F9035ED000277C5 /* Frameworks */ = {
			isa = PBXFrameworksBuildPhase;
			buildActionMask = 2147483647;
			files = (
			);
			runOnlyForDeploymentPostprocessing = 0;
		};
/* End PBXFrameworksBuildPhase section */

/* Begin PBXGroup section */
		8CAEB5E92F9035EA000277C5 = {
			isa = PBXGroup;
			children = (
				8C636FE12F912D6C0055100A /* Secrets.xcconfig */,
				8CAEB5F42F9035EA000277C5 /* CineRate */,
				8CAEB6022F9035ED000277C5 /* CineRateTests */,
				8CAEB60C2F9035ED000277C5 /* CineRateUITests */,
				8CAEB5F32F9035EA000277C5 /* Products */,
				8C9209A32F9142E500CB4BE3 /* README_BACKEND_SETUP.md */,
			);
			sourceTree = "<group>";
		};
		8CAEB5F32F9035EA000277C5 /* Products */ = {
			isa = PBXGroup;
			children = (
				8CAEB5F22F9035EA000277C5 /* CineRate.app */,
				8CAEB5FF2F9035ED000277C5 /* CineRateTests.xctest */,
				8CAEB6092F9035ED000277C5 /* CineRateUITests.xctest */,
			);
			name = Products;
			sourceTree = "<group>";
		};
/* End PBXGroup section */

/* Begin PBXNativeTarget section */
		8CAEB5F12F9035EA000277C5 /* CineRate */ = {
			isa = PBXNativeTarget;
			buildConfigurationList = 8CAEB6132F9035ED000277C5 /* Build configuration list for PBXNativeTarget "CineRate" */;
			buildPhases = (
				8CAEB5EE2F9035EA000277C5 /* Sources */,
				8CAEB5EF2F9035EA000277C5 /* Frameworks */,
				8CAEB5F02F9035EA000277C5 /* Resources */,
			);
			buildRules = (
			);
			dependencies = (
			);
			fileSystemSynchronizedGroups = (
				8CAEB5F42F9035EA000277C5 /* CineRate */,
			);
			name = CineRate;
			packageProductDependencies = (
				8C636FEA2F9133540055100A /* Auth */,
				8C636FEC2F9133540055100A /* Functions */,
				8C636FEE2F9133540055100A /* PostgREST */,
				8C636FF02F9133540055100A /* Realtime */,
				8C636FF22F9133540055100A /* Storage */,
			);
			productName = CineRate;
			productReference = 8CAEB5F22F9035EA000277C5 /* CineRate.app */;
			productType = "com.apple.product-type.application";
		};
		8CAEB5FE2F9035ED000277C5 /* CineRateTests */ = {
			isa = PBXNativeTarget;
			buildConfigurationList = 8CAEB6162F9035ED000277C5 /* Build configuration list for PBXNativeTarget "CineRateTests" */;
			buildPhases = (
				8CAEB5FB2F9035ED000277C5 /* Sources */,
				8CAEB5FC2F9035ED000277C5 /* Frameworks */,
				8CAEB5FD2F9035ED000277C5 /* Resources */,
			);
			buildRules = (
			);
			dependencies = (
				8CAEB6012F9035ED000277C5 /* PBXTargetDependency */,
			);
			fileSystemSynchronizedGroups = (
				8CAEB6022F9035ED000277C5 /* CineRateTests */,
			);
			name = CineRateTests;
			packageProductDependencies = (
			);
			productName = CineRateTests;
			productReference = 8CAEB5FF2F9035ED000277C5 /* CineRateTests.xctest */;
			productType = "com.apple.product-type.bundle.unit-test";
		};
		8CAEB6082F9035ED000277C5 /* CineRateUITests */ = {
			isa = PBXNativeTarget;
			buildConfigurationList = 8CAEB6192F9035ED000277C5 /* Build configuration list for PBXNativeTarget "CineRateUITests" */;
			buildPhases = (
				8CAEB6052F9035ED000277C5 /* Sources */,
				8CAEB6062F9035ED000277C5 /* Frameworks */,
				8CAEB6072F9035ED000277C5 /* Resources */,
			);
			buildRules = (
			);
			dependencies = (
				8CAEB60B2F9035ED000277C5 /* PBXTargetDependency */,
			);
			fileSystemSynchronizedGroups = (
				8CAEB60C2F9035ED000277C5 /* CineRateUITests */,
			);
			name = CineRateUITests;
			packageProductDependencies = (
			);
			productName = CineRateUITests;
			productReference = 8CAEB6092F9035ED000277C5 /* CineRateUITests.xctest */;
			productType = "com.apple.product-type.bundle.ui-testing";
		};
/* End PBXNativeTarget section */

/* Begin PBXProject section */
		8CAEB5EA2F9035EA000277C5 /* Project object */ = {
			isa = PBXProject;
			attributes = {
				BuildIndependentTargetsInParallel = 1;
				LastSwiftUpdateCheck = 2620;
				LastUpgradeCheck = 2620;
				TargetAttributes = {
					8CAEB5F12F9035EA000277C5 = {
						CreatedOnToolsVersion = 26.2;
					};
					8CAEB5FE2F9035ED000277C5 = {
						CreatedOnToolsVersion = 26.2;
						TestTargetID = 8CAEB5F12F9035EA000277C5;
					};
					8CAEB6082F9035ED000277C5 = {
						CreatedOnToolsVersion = 26.2;
						TestTargetID = 8CAEB5F12F9035EA000277C5;
					};
				};
			};
			buildConfigurationList = 8CAEB5ED2F9035EA000277C5 /* Build configuration list for PBXProject "CineRate" */;
			developmentRegion = en;
			hasScannedForEncodings = 0;
			knownRegions = (
				en,
				Base,
			);
			mainGroup = 8CAEB5E92F9035EA000277C5;
			minimizedProjectReferenceProxies = 1;
			packageReferences = (
				8C636FE92F9133540055100A /* XCRemoteSwiftPackageReference "supabase-swift" */,
			);
			preferredProjectObjectVersion = 77;
			productRefGroup = 8CAEB5F32F9035EA000277C5 /* Products */;
			projectDirPath = "";
			projectRoot = "";
			targets = (
				8CAEB5F12F9035EA000277C5 /* CineRate */,
				8CAEB5FE2F9035ED000277C5 /* CineRateTests */,
				8CAEB6082F9035ED000277C5 /* CineRateUITests */,
			);
		};
/* End PBXProject section */

/* Begin PBXResourcesBuildPhase section */
		8CAEB5F02F9035EA000277C5 /* Resources */ = {
			isa = PBXResourcesBuildPhase;
			buildActionMask = 2147483647;
			files = (
				8C636FE22F912D6C0055100A /* Secrets.xcconfig in Resources */,
				8C9209A42F9142E500CB4BE3 /* README_BACKEND_SETUP.md in Resources */,
			);
			runOnlyForDeploymentPostprocessing = 0;
		};
		8CAEB5FD2F9035ED000277C5 /* Resources */ = {
			isa = PBXResourcesBuildPhase;
			buildActionMask = 2147483647;
			files = (
			);
			runOnlyForDeploymentPostprocessing = 0;
		};
		8CAEB6072F9035ED000277C5 /* Resources */ = {
			isa = PBXResourcesBuildPhase;
			buildActionMask = 2147483647;
			files = (
			);
			runOnlyForDeploymentPostprocessing = 0;
		};
/* End PBXResourcesBuildPhase section */

/* Begin PBXSourcesBuildPhase section */
		8CAEB5EE2F9035EA000277C5 /* Sources */ = {
			isa = PBXSourcesBuildPhase;
			buildActionMask = 2147483647;
			files = (
			);
			runOnlyForDeploymentPostprocessing = 0;
		};
		8CAEB5FB2F9035ED000277C5 /* Sources */ = {
			isa = PBXSourcesBuildPhase;
			buildActionMask = 2147483647;
			files = (
			);
			runOnlyForDeploymentPostprocessing = 0;
		};
		8CAEB6052F9035ED000277C5 /* Sources */ = {
			isa = PBXSourcesBuildPhase;
			buildActionMask = 2147483647;
			files = (
			);
			runOnlyForDeploymentPostprocessing = 0;
		};
/* End PBXSourcesBuildPhase section */

/* Begin PBXTargetDependency section */
		8CAEB6012F9035ED000277C5 /* PBXTargetDependency */ = {
			isa = PBXTargetDependency;
			target = 8CAEB5F12F9035EA000277C5 /* CineRate */;
			targetProxy = 8CAEB6002F9035ED000277C5 /* PBXContainerItemProxy */;
		};
		8CAEB60B2F9035ED000277C5 /* PBXTargetDependency */ = {
			isa = PBXTargetDependency;
			target = 8CAEB5F12F9035EA000277C5 /* CineRate */;
			targetProxy = 8CAEB60A2F9035ED000277C5 /* PBXContainerItemProxy */;
		};
/* End PBXTargetDependency section */

/* Begin XCBuildConfiguration section */
		8CAEB6112F9035ED000277C5 /* Debug */ = {
			isa = XCBuildConfiguration;
			buildSettings = {
				ALWAYS_SEARCH_USER_PATHS = NO;
				ASSETCATALOG_COMPILER_GENERATE_SWIFT_ASSET_SYMBOL_EXTENSIONS = YES;
				CLANG_ANALYZER_NONNULL = YES;
				CLANG_ANALYZER_NUMBER_OBJECT_CONVERSION = YES_AGGRESSIVE;
				CLANG_CXX_LANGUAGE_STANDARD = "gnu++20";
				CLANG_ENABLE_MODULES = YES;
				CLANG_ENABLE_OBJC_ARC = YES;
				CLANG_ENABLE_OBJC_WEAK = YES;
				CLANG_WARN_BLOCK_CAPTURE_AUTORELEASING = YES;
				CLANG_WARN_BOOL_CONVERSION = YES;
				CLANG_WARN_COMMA = YES;
				CLANG_WARN_CONSTANT_CONVERSION = YES;
				CLANG_WARN_DEPRECATED_OBJC_IMPLEMENTATIONS = YES;
				CLANG_WARN_DIRECT_OBJC_ISA_USAGE = YES_ERROR;
				CLANG_WARN_DOCUMENTATION_COMMENTS = YES;
				CLANG_WARN_EMPTY_BODY = YES;
				CLANG_WARN_ENUM_CONVERSION = YES;
				CLANG_WARN_INFINITE_RECURSION = YES;
				CLANG_WARN_INT_CONVERSION = YES;
				CLANG_WARN_NON_LITERAL_NULL_CONVERSION = YES;
				CLANG_WARN_OBJC_IMPLICIT_RETAIN_SELF = YES;
				CLANG_WARN_OBJC_LITERAL_CONVERSION = YES;
				CLANG_WARN_OBJC_ROOT_CLASS = YES_ERROR;
				CLANG_WARN_QUOTED_INCLUDE_IN_FRAMEWORK_HEADER = YES;
				CLANG_WARN_RANGE_LOOP_ANALYSIS = YES;
				CLANG_WARN_STRICT_PROTOTYPES = YES;
				CLANG_WARN_SUSPICIOUS_MOVE = YES;
				CLANG_WARN_UNGUARDED_AVAILABILITY = YES_AGGRESSIVE;
				CLANG_WARN_UNREACHABLE_CODE = YES;
				CLANG_WARN__DUPLICATE_METHOD_MATCH = YES;
				COPY_PHASE_STRIP = NO;
				DEBUG_INFORMATION_FORMAT = dwarf;
				DEVELOPMENT_TEAM = 5QRDK7C29K;
				ENABLE_STRICT_OBJC_MSGSEND = YES;
				ENABLE_TESTABILITY = YES;
				ENABLE_USER_SCRIPT_SANDBOXING = YES;
				GCC_C_LANGUAGE_STANDARD = gnu17;
				GCC_DYNAMIC_NO_PIC = NO;
				GCC_NO_COMMON_BLOCKS = YES;
				GCC_OPTIMIZATION_LEVEL = 0;
				GCC_PREPROCESSOR_DEFINITIONS = (
					"DEBUG=1",
					"$(inherited)",
				);
				GCC_WARN_64_TO_32_BIT_CONVERSION = YES;
				GCC_WARN_ABOUT_RETURN_TYPE = YES_ERROR;
				GCC_WARN_UNDECLARED_SELECTOR = YES;
				GCC_WARN_UNINITIALIZED_AUTOS = YES_AGGRESSIVE;
				GCC_WARN_UNUSED_FUNCTION = YES;
				GCC_WARN_UNUSED_VARIABLE = YES;
				IPHONEOS_DEPLOYMENT_TARGET = 26.2;
				LOCALIZATION_PREFERS_STRING_CATALOGS = YES;
				MTL_ENABLE_DEBUG_INFO = INCLUDE_SOURCE;
				MTL_FAST_MATH = YES;
				ONLY_ACTIVE_ARCH = YES;
				SDKROOT = iphoneos;
				SWIFT_ACTIVE_COMPILATION_CONDITIONS = "DEBUG $(inherited)";
				SWIFT_OPTIMIZATION_LEVEL = "-Onone";
			};
			name = Debug;
		};
		8CAEB6122F9035ED000277C5 /* Release */ = {
			isa = XCBuildConfiguration;
			buildSettings = {
				ALWAYS_SEARCH_USER_PATHS = NO;
				ASSETCATALOG_COMPILER_GENERATE_SWIFT_ASSET_SYMBOL_EXTENSIONS = YES;
				CLANG_ANALYZER_NONNULL = YES;
				CLANG_ANALYZER_NUMBER_OBJECT_CONVERSION = YES_AGGRESSIVE;
				CLANG_CXX_LANGUAGE_STANDARD = "gnu++20";
				CLANG_ENABLE_MODULES = YES;
				CLANG_ENABLE_OBJC_ARC = YES;
				CLANG_ENABLE_OBJC_WEAK = YES;
				CLANG_WARN_BLOCK_CAPTURE_AUTORELEASING = YES;
				CLANG_WARN_BOOL_CONVERSION = YES;
				CLANG_WARN_COMMA = YES;
				CLANG_WARN_CONSTANT_CONVERSION = YES;
				CLANG_WARN_DEPRECATED_OBJC_IMPLEMENTATIONS = YES;
				CLANG_WARN_DIRECT_OBJC_ISA_USAGE = YES_ERROR;
				CLANG_WARN_DOCUMENTATION_COMMENTS = YES;
				CLANG_WARN_EMPTY_BODY = YES;
				CLANG_WARN_ENUM_CONVERSION = YES;
				CLANG_WARN_INFINITE_RECURSION = YES;
				CLANG_WARN_INT_CONVERSION = YES;
				CLANG_WARN_NON_LITERAL_NULL_CONVERSION = YES;
				CLANG_WARN_OBJC_IMPLICIT_RETAIN_SELF = YES;
				CLANG_WARN_OBJC_LITERAL_CONVERSION = YES;
				CLANG_WARN_OBJC_ROOT_CLASS = YES_ERROR;
				CLANG_WARN_QUOTED_INCLUDE_IN_FRAMEWORK_HEADER = YES;
				CLANG_WARN_RANGE_LOOP_ANALYSIS = YES;
				CLANG_WARN_STRICT_PROTOTYPES = YES;
				CLANG_WARN_SUSPICIOUS_MOVE = YES;
				CLANG_WARN_UNGUARDED_AVAILABILITY = YES_AGGRESSIVE;
				CLANG_WARN_UNREACHABLE_CODE = YES;
				CLANG_WARN__DUPLICATE_METHOD_MATCH = YES;
				COPY_PHASE_STRIP = NO;
				DEBUG_INFORMATION_FORMAT = "dwarf-with-dsym";
				DEVELOPMENT_TEAM = 5QRDK7C29K;
				ENABLE_NS_ASSERTIONS = NO;
				ENABLE_STRICT_OBJC_MSGSEND = YES;
				ENABLE_USER_SCRIPT_SANDBOXING = YES;
				GCC_C_LANGUAGE_STANDARD = gnu17;
				GCC_NO_COMMON_BLOCKS = YES;
				GCC_WARN_64_TO_32_BIT_CONVERSION = YES;
				GCC_WARN_ABOUT_RETURN_TYPE = YES_ERROR;
				GCC_WARN_UNDECLARED_SELECTOR = YES;
				GCC_WARN_UNINITIALIZED_AUTOS = YES_AGGRESSIVE;
				GCC_WARN_UNUSED_FUNCTION = YES;
				GCC_WARN_UNUSED_VARIABLE = YES;
				IPHONEOS_DEPLOYMENT_TARGET = 26.2;
				LOCALIZATION_PREFERS_STRING_CATALOGS = YES;
				MTL_ENABLE_DEBUG_INFO = NO;
				MTL_FAST_MATH = YES;
				SDKROOT = iphoneos;
				SWIFT_COMPILATION_MODE = wholemodule;
				VALIDATE_PRODUCT = YES;
			};
			name = Release;
		};
		8CAEB6142F9035ED000277C5 /* Debug */ = {
			isa = XCBuildConfiguration;
			buildSettings = {
				ASSETCATALOG_COMPILER_APPICON_NAME = AppIcon;
				ASSETCATALOG_COMPILER_GLOBAL_ACCENT_COLOR_NAME = AccentColor;
				CODE_SIGN_STYLE = Automatic;
				CURRENT_PROJECT_VERSION = 1;
				DEVELOPMENT_TEAM = 5QRDK7C29K;
				ENABLE_PREVIEWS = YES;
				GENERATE_INFOPLIST_FILE = YES;
				INFOPLIST_FILE = CineRate/Info.plist;
				INFOPLIST_KEY_UIApplicationSceneManifest_Generation = YES;
				INFOPLIST_KEY_UIApplicationSupportsIndirectInputEvents = YES;
				INFOPLIST_KEY_UILaunchScreen_Generation = YES;
				INFOPLIST_KEY_UISupportedInterfaceOrientations_iPad = "UIInterfaceOrientationPortrait UIInterfaceOrientationPortraitUpsideDown UIInterfaceOrientationLandscapeLeft UIInterfaceOrientationLandscapeRight";
				INFOPLIST_KEY_UISupportedInterfaceOrientations_iPhone = "UIInterfaceOrientationPortrait UIInterfaceOrientationLandscapeLeft UIInterfaceOrientationLandscapeRight";
				IPHONEOS_DEPLOYMENT_TARGET = 16.6;
				LD_RUNPATH_SEARCH_PATHS = (
					"$(inherited)",
					"@executable_path/Frameworks",
				);
				MARKETING_VERSION = 1.0;
				PRODUCT_BUNDLE_IDENTIFIER = "Michael-Lopez.CineRate";
				PRODUCT_NAME = "$(TARGET_NAME)";
				STRING_CATALOG_GENERATE_SYMBOLS = YES;
				SUPABASE_ANON_KEY = sb_secret_YYvzb042xc55IOx_xKwbuA_1XsLPnhb;
				SUPABASE_URL = "https://udwfrwzkwbdxqpqlvqfd.supabase.co";
				SWIFT_APPROACHABLE_CONCURRENCY = YES;
				SWIFT_DEFAULT_ACTOR_ISOLATION = MainActor;
				SWIFT_EMIT_LOC_STRINGS = YES;
				SWIFT_UPCOMING_FEATURE_MEMBER_IMPORT_VISIBILITY = YES;
				SWIFT_VERSION = 5.0;
				TARGETED_DEVICE_FAMILY = "1,2";
			};
			name = Debug;
		};
		8CAEB6152F9035ED000277C5 /* Release */ = {
			isa = XCBuildConfiguration;
			buildSettings = {
				ASSETCATALOG_COMPILER_APPICON_NAME = AppIcon;
				ASSETCATALOG_COMPILER_GLOBAL_ACCENT_COLOR_NAME = AccentColor;
				CODE_SIGN_STYLE = Automatic;
				CURRENT_PROJECT_VERSION = 1;
				DEVELOPMENT_TEAM = 5QRDK7C29K;
				ENABLE_PREVIEWS = YES;
				GENERATE_INFOPLIST_FILE = YES;
				INFOPLIST_FILE = CineRate/Info.plist;
				INFOPLIST_KEY_UIApplicationSceneManifest_Generation = YES;
				INFOPLIST_KEY_UIApplicationSupportsIndirectInputEvents = YES;
				INFOPLIST_KEY_UILaunchScreen_Generation = YES;
				INFOPLIST_KEY_UISupportedInterfaceOrientations_iPad = "UIInterfaceOrientationPortrait UIInterfaceOrientationPortraitUpsideDown UIInterfaceOrientationLandscapeLeft UIInterfaceOrientationLandscapeRight";
				INFOPLIST_KEY_UISupportedInterfaceOrientations_iPhone = "UIInterfaceOrientationPortrait UIInterfaceOrientationLandscapeLeft UIInterfaceOrientationLandscapeRight";
				IPHONEOS_DEPLOYMENT_TARGET = 16.6;
				LD_RUNPATH_SEARCH_PATHS = (
					"$(inherited)",
					"@executable_path/Frameworks",
				);
				MARKETING_VERSION = 1.0;
				PRODUCT_BUNDLE_IDENTIFIER = "Michael-Lopez.CineRate";
				PRODUCT_NAME = "$(TARGET_NAME)";
				STRING_CATALOG_GENERATE_SYMBOLS = YES;
				SUPABASE_ANON_KEY = sb_secret_YYvzb042xc55IOx_xKwbuA_1XsLPnhb;
				SUPABASE_URL = "https://udwfrwzkwbdxqpqlvqfd.supabase.co";
				SWIFT_APPROACHABLE_CONCURRENCY = YES;
				SWIFT_DEFAULT_ACTOR_ISOLATION = MainActor;
				SWIFT_EMIT_LOC_STRINGS = YES;
				SWIFT_UPCOMING_FEATURE_MEMBER_IMPORT_VISIBILITY = YES;
				SWIFT_VERSION = 5.0;
				TARGETED_DEVICE_FAMILY = "1,2";
			};
			name = Release;
		};
		8CAEB6172F9035ED000277C5 /* Debug */ = {
			isa = XCBuildConfiguration;
			buildSettings = {
				BUNDLE_LOADER = "$(TEST_HOST)";
				CODE_SIGN_STYLE = Automatic;
				CURRENT_PROJECT_VERSION = 1;
				DEVELOPMENT_TEAM = 5QRDK7C29K;
				GENERATE_INFOPLIST_FILE = YES;
				IPHONEOS_DEPLOYMENT_TARGET = 26.2;
				MARKETING_VERSION = 1.0;
				PRODUCT_BUNDLE_IDENTIFIER = "Michael-Lopez.CineRateTests";
				PRODUCT_NAME = "$(TARGET_NAME)";
				STRING_CATALOG_GENERATE_SYMBOLS = NO;
				SWIFT_APPROACHABLE_CONCURRENCY = YES;
				SWIFT_EMIT_LOC_STRINGS = NO;
				SWIFT_UPCOMING_FEATURE_MEMBER_IMPORT_VISIBILITY = YES;
				SWIFT_VERSION = 5.0;
				TARGETED_DEVICE_FAMILY = "1,2";
				TEST_HOST = "$(BUILT_PRODUCTS_DIR)/CineRate.app/$(BUNDLE_EXECUTABLE_FOLDER_PATH)/CineRate";
			};
			name = Debug;
		};
		8CAEB6182F9035ED000277C5 /* Release */ = {
			isa = XCBuildConfiguration;
			buildSettings = {
				BUNDLE_LOADER = "$(TEST_HOST)";
				CODE_SIGN_STYLE = Automatic;
				CURRENT_PROJECT_VERSION = 1;
				DEVELOPMENT_TEAM = 5QRDK7C29K;
				GENERATE_INFOPLIST_FILE = YES;
				IPHONEOS_DEPLOYMENT_TARGET = 26.2;
				MARKETING_VERSION = 1.0;
				PRODUCT_BUNDLE_IDENTIFIER = "Michael-Lopez.CineRateTests";
				PRODUCT_NAME = "$(TARGET_NAME)";
				STRING_CATALOG_GENERATE_SYMBOLS = NO;
				SWIFT_APPROACHABLE_CONCURRENCY = YES;
				SWIFT_EMIT_LOC_STRINGS = NO;
				SWIFT_UPCOMING_FEATURE_MEMBER_IMPORT_VISIBILITY = YES;
				SWIFT_VERSION = 5.0;
				TARGETED_DEVICE_FAMILY = "1,2";
				TEST_HOST = "$(BUILT_PRODUCTS_DIR)/CineRate.app/$(BUNDLE_EXECUTABLE_FOLDER_PATH)/CineRate";
			};
			name = Release;
		};
		8CAEB61A2F9035ED000277C5 /* Debug */ = {
			isa = XCBuildConfiguration;
			buildSettings = {
				CODE_SIGN_STYLE = Automatic;
				CURRENT_PROJECT_VERSION = 1;
				DEVELOPMENT_TEAM = 5QRDK7C29K;
				GENERATE_INFOPLIST_FILE = YES;
				MARKETING_VERSION = 1.0;
				PRODUCT_BUNDLE_IDENTIFIER = "Michael-Lopez.CineRateUITests";
				PRODUCT_NAME = "$(TARGET_NAME)";
				STRING_CATALOG_GENERATE_SYMBOLS = NO;
				SWIFT_APPROACHABLE_CONCURRENCY = YES;
				SWIFT_EMIT_LOC_STRINGS = NO;
				SWIFT_UPCOMING_FEATURE_MEMBER_IMPORT_VISIBILITY = YES;
				SWIFT_VERSION = 5.0;
				TARGETED_DEVICE_FAMILY = "1,2";
				TEST_TARGET_NAME = CineRate;
			};
			name = Debug;
		};
		8CAEB61B2F9035ED000277C5 /* Release */ = {
			isa = XCBuildConfiguration;
			buildSettings = {
				CODE_SIGN_STYLE = Automatic;
				CURRENT_PROJECT_VERSION = 1;
				DEVELOPMENT_TEAM = 5QRDK7C29K;
				GENERATE_INFOPLIST_FILE = YES;
				MARKETING_VERSION = 1.0;
				PRODUCT_BUNDLE_IDENTIFIER = "Michael-Lopez.CineRateUITests";
				PRODUCT_NAME = "$(TARGET_NAME)";
				STRING_CATALOG_GENERATE_SYMBOLS = NO;
				SWIFT_APPROACHABLE_CONCURRENCY = YES;
				SWIFT_EMIT_LOC_STRINGS = NO;
				SWIFT_UPCOMING_FEATURE_MEMBER_IMPORT_VISIBILITY = YES;
				SWIFT_VERSION = 5.0;
				TARGETED_DEVICE_FAMILY = "1,2";
				TEST_TARGET_NAME = CineRate;
			};
			name = Release;
		};
/* End XCBuildConfiguration section */

/* Begin XCConfigurationList section */
		8CAEB5ED2F9035EA000277C5 /* Build configuration list for PBXProject "CineRate" */ = {
			isa = XCConfigurationList;
			buildConfigurations = (
				8CAEB6112F9035ED000277C5 /* Debug */,
				8CAEB6122F9035ED000277C5 /* Release */,
			);
			defaultConfigurationIsVisible = 0;
			defaultConfigurationName = Release;
		};
		8CAEB6132F9035ED000277C5 /* Build configuration list for PBXNativeTarget "CineRate" */ = {
			isa = XCConfigurationList;
			buildConfigurations = (
				8CAEB6142F9035ED000277C5 /* Debug */,
				8CAEB6152F9035ED000277C5 /* Release */,
			);
			defaultConfigurationIsVisible = 0;
			defaultConfigurationName = Release;
		};
		8CAEB6162F9035ED000277C5 /* Build configuration list for PBXNativeTarget "CineRateTests" */ = {
			isa = XCConfigurationList;
			buildConfigurations = (
				8CAEB6172F9035ED000277C5 /* Debug */,
				8CAEB6182F9035ED000277C5 /* Release */,
			);
			defaultConfigurationIsVisible = 0;
			defaultConfigurationName = Release;
		};
		8CAEB6192F9035ED000277C5 /* Build configuration list for PBXNativeTarget "CineRateUITests" */ = {
			isa = XCConfigurationList;
			buildConfigurations = (
				8CAEB61A2F9035ED000277C5 /* Debug */,
				8CAEB61B2F9035ED000277C5 /* Release */,
			);
			defaultConfigurationIsVisible = 0;
			defaultConfigurationName = Release;
		};
/* End XCConfigurationList section */

/* Begin XCRemoteSwiftPackageReference section */
		8C636FE92F9133540055100A /* XCRemoteSwiftPackageReference "supabase-swift" */ = {
			isa = XCRemoteSwiftPackageReference;
			repositoryURL = "https://github.com/supabase/supabase-swift";
			requirement = {
				kind = upToNextMajorVersion;
				minimumVersion = 2.5.1;
			};
		};
/* End XCRemoteSwiftPackageReference section */

/* Begin XCSwiftPackageProductDependency section */
		8C636FEA2F9133540055100A /* Auth */ = {
			isa = XCSwiftPackageProductDependency;
			package = 8C636FE92F9133540055100A /* XCRemoteSwiftPackageReference "supabase-swift" */;
			productName = Auth;
		};
		8C636FEC2F9133540055100A /* Functions */ = {
			isa = XCSwiftPackageProductDependency;
			package = 8C636FE92F9133540055100A /* XCRemoteSwiftPackageReference "supabase-swift" */;
			productName = Functions;
		};
		8C636FEE2F9133540055100A /* PostgREST */ = {
			isa = XCSwiftPackageProductDependency;
			package = 8C636FE92F9133540055100A /* XCRemoteSwiftPackageReference "supabase-swift" */;
			productName = PostgREST;
		};
		8C636FF02F9133540055100A /* Realtime */ = {
			isa = XCSwiftPackageProductDependency;
			package = 8C636FE92F9133540055100A /* XCRemoteSwiftPackageReference "supabase-swift" */;
			productName = Realtime;
		};
		8C636FF22F9133540055100A /* Storage */ = {
			isa = XCSwiftPackageProductDependency;
			package = 8C636FE92F9133540055100A /* XCRemoteSwiftPackageReference "supabase-swift" */;
			productName = Storage;
		};
/* End XCSwiftPackageProductDependency section */
	};
	rootObject = 8CAEB5EA2F9035EA000277C5 /* Project object */;
}
